
Microsoft Visual Studio Solution File, Format Version 12.00
# Visual Studio Version 17
VisualStudioVersion = 17.2.32630.192
MinimumVisualStudioVersion = 10.0.40219.1
Project("{FAE04EC0-301F-11D3-BF4B-00C04F79EFBC}") = "IPMITools", "IPMITools\IPMITools.csproj", "{814C2C09-45B5-41A1-9BB6-BB9D39457707}"
EndProject
Project("{FAE04EC0-301F-11D3-BF4B-00C04F79EFBC}") = "Sample", "Sample\Sample.csproj", "{9A8C8F41-FC50-4B95-9C6B-6F53A8C460AB}"
EndProject
Global
	GlobalSection(SolutionConfigurationPlatforms) = preSolution
		Debug|Any CPU = Debug|Any CPU
		Release|Any CPU = Release|Any CPU
	EndGlobalSection
	GlobalSection(ProjectConfigurationPlatforms) = postSolution
		{814C2C09-45B5-41A1-9BB6-BB9D39457707}.Debug|Any CPU.ActiveCfg = Debug|Any CPU
		{814C2C09-45B5-41A1-9BB6-BB9D39457707}.Debug|Any CPU.Build.0 = Debug|Any CPU
		{814C2C09-45B5-41A1-9BB6-BB9D39457707}.Release|Any CPU.ActiveCfg = Release|Any CPU
		{814C2C09-45B5-41A1-9BB6-BB9D39457707}.Release|Any CPU.Build.0 = Release|Any CPU
		{9A8C8F41-FC50-4B95-9C6B-6F53A8C460AB}.Debug|Any CPU.ActiveCfg = Debug|Any CPU
		{9A8C8F41-FC50-4B95-9C6B-6F53A8C460AB}.Debug|Any CPU.Build.0 = Debug|Any CPU
		{9A8C8F41-FC50-4B95-9C6B-6F53A8C460AB}.Release|Any CPU.ActiveCfg = Release|Any CPU
		{9A8C8F41-FC50-4B95-9C6B-6F53A8C460AB}.Release|Any CPU.Build.0 = Release|Any CPU
	EndGlobalSection
	GlobalSection(SolutionProperties) = preSolution
		HideSolutionNode = FALSE
	EndGlobalSection
	GlobalSection(ExtensibilityGlobals) = postSolution
		SolutionGuid = {28465FB8-8A23-4C94-81C0-8D641074FE2D}
	EndGlobalSection
EndGlobal
